
Microsoft Visual Studio Solution File, Format Version 12.00
Project("{2150E333-8FDC-42A3-9474-1A3956D46DE8}") = "Services", "Services", "{0F586863-2CB6-4815-A784-05002571D8AA}"
EndProject
Project("{2150E333-8FDC-42A3-9474-1A3956D46DE8}") = "Catalog", "Catalog", "{5E4E9909-42BD-409B-BA4D-1BD2CD684BFA}"
EndProject
Project("{FAE04EC0-301F-11D3-BF4B-00C04F79EFBC}") = "Catalog.API", "Services\Catalog\Catalog.API\Catalog.API.csproj", "{9473D209-34BF-4CB8-B8E6-F3F12B07060E}"
EndProject
Project("{2150E333-8FDC-42A3-9474-1A3956D46DE8}") = "Shared", "Shared", "{FA95B0C8-3C3C-417A-A21E-9D9DA37C252E}"
EndProject
Project("{FAE04EC0-301F-11D3-BF4B-00C04F79EFBC}") = "Shared", "Shared\Shared\Shared.csproj", "{F963EA61-B97F-4FA7-8728-BF6678A59294}"
EndProject
Project("{2150E333-8FDC-42A3-9474-1A3956D46DE8}") = "Solution Items", "Solution Items", "{8AE2B2BD-97CD-4854-B912-4C1E4AD7B831}"
	ProjectSection(SolutionItems) = preProject
		compose.yml = compose.yml
	EndProjectSection
EndProject
Project("{2150E333-8FDC-42A3-9474-1A3956D46DE8}") = "Basket", "Basket", "{384CC282-BE3B-4501-A3D5-D6969B28D5A6}"
EndProject
Project("{FAE04EC0-301F-11D3-BF4B-00C04F79EFBC}") = "Basket.API", "Services\Basket\Basket.API\Basket.API.csproj", "{96A24849-A665-4467-B8C9-A03A2C57AFC5}"
EndProject
Project("{2150E333-8FDC-42A3-9474-1A3956D46DE8}") = "Discount", "Discount", "{11B9146C-C885-4258-A51D-DE4ABFB45655}"
EndProject
Project("{FAE04EC0-301F-11D3-BF4B-00C04F79EFBC}") = "Discount.gRPC", "Services\Discount\Discount.gRPC\Discount.gRPC.csproj", "{D3020052-712C-4EB7-87B9-A3760048AC09}"
EndProject
Project("{2150E333-8FDC-42A3-9474-1A3956D46DE8}") = "Ordering", "Ordering", "{089BD9AF-9850-4A4D-A7D9-54D40AFDA01A}"
EndProject
Project("{FAE04EC0-301F-11D3-BF4B-00C04F79EFBC}") = "Ordering.API", "Services\Ordering\Ordering.API\Ordering.API.csproj", "{1D2EBD84-5973-4480-8123-7279DC9FA982}"
EndProject
Project("{FAE04EC0-301F-11D3-BF4B-00C04F79EFBC}") = "Ordering.Domain", "Services\Ordering\Ordering.Domain\Ordering.Domain.csproj", "{DE3DDF2A-72FF-4129-B522-26A98147B27C}"
EndProject
Project("{FAE04EC0-301F-11D3-BF4B-00C04F79EFBC}") = "Ordering.Application", "Services\Ordering\Ordering.Application\Ordering.Application.csproj", "{EDD8BB75-C50A-4959-A5C7-AC82164C97DC}"
EndProject
Project("{FAE04EC0-301F-11D3-BF4B-00C04F79EFBC}") = "Ordering.Infrastructure", "Services\Ordering\Ordering.Infrastructure\Ordering.Infrastructure.csproj", "{92371397-A4D2-4E2B-AC91-5C9F7ECB405B}"
EndProject
Project("{2150E333-8FDC-42A3-9474-1A3956D46DE8}") = "Audit", "Audit", "{6AADB138-54CA-479F-9316-BF3DC8F0F260}"
EndProject
Project("{FAE04EC0-301F-11D3-BF4B-00C04F79EFBC}") = "Audit", "Services\Audit\Audit.csproj", "{0F79A867-E4B7-4BCF-B610-5E7A441A3CE7}"
EndProject
Project("{FAE04EC0-301F-11D3-BF4B-00C04F79EFBC}") = "Messaging", "Shared\Messaging\Messaging.csproj", "{DE3AD78C-F9CD-454D-9C85-128DAC546FC5}"
EndProject
Global
	GlobalSection(SolutionConfigurationPlatforms) = preSolution
		Debug|Any CPU = Debug|Any CPU
		Release|Any CPU = Release|Any CPU
	EndGlobalSection
	GlobalSection(ProjectConfigurationPlatforms) = postSolution
		{9473D209-34BF-4CB8-B8E6-F3F12B07060E}.Debug|Any CPU.ActiveCfg = Debug|Any CPU
		{9473D209-34BF-4CB8-B8E6-F3F12B07060E}.Debug|Any CPU.Build.0 = Debug|Any CPU
		{9473D209-34BF-4CB8-B8E6-F3F12B07060E}.Release|Any CPU.ActiveCfg = Release|Any CPU
		{9473D209-34BF-4CB8-B8E6-F3F12B07060E}.Release|Any CPU.Build.0 = Release|Any CPU
		{F963EA61-B97F-4FA7-8728-BF6678A59294}.Debug|Any CPU.ActiveCfg = Debug|Any CPU
		{F963EA61-B97F-4FA7-8728-BF6678A59294}.Debug|Any CPU.Build.0 = Debug|Any CPU
		{F963EA61-B97F-4FA7-8728-BF6678A59294}.Release|Any CPU.ActiveCfg = Release|Any CPU
		{F963EA61-B97F-4FA7-8728-BF6678A59294}.Release|Any CPU.Build.0 = Release|Any CPU
		{96A24849-A665-4467-B8C9-A03A2C57AFC5}.Debug|Any CPU.ActiveCfg = Debug|Any CPU
		{96A24849-A665-4467-B8C9-A03A2C57AFC5}.Debug|Any CPU.Build.0 = Debug|Any CPU
		{96A24849-A665-4467-B8C9-A03A2C57AFC5}.Release|Any CPU.ActiveCfg = Release|Any CPU
		{96A24849-A665-4467-B8C9-A03A2C57AFC5}.Release|Any CPU.Build.0 = Release|Any CPU
		{D3020052-712C-4EB7-87B9-A3760048AC09}.Debug|Any CPU.ActiveCfg = Debug|Any CPU
		{D3020052-712C-4EB7-87B9-A3760048AC09}.Debug|Any CPU.Build.0 = Debug|Any CPU
		{D3020052-712C-4EB7-87B9-A3760048AC09}.Release|Any CPU.ActiveCfg = Release|Any CPU
		{D3020052-712C-4EB7-87B9-A3760048AC09}.Release|Any CPU.Build.0 = Release|Any CPU
		{1D2EBD84-5973-4480-8123-7279DC9FA982}.Debug|Any CPU.ActiveCfg = Debug|Any CPU
		{1D2EBD84-5973-4480-8123-7279DC9FA982}.Debug|Any CPU.Build.0 = Debug|Any CPU
		{1D2EBD84-5973-4480-8123-7279DC9FA982}.Release|Any CPU.ActiveCfg = Release|Any CPU
		{1D2EBD84-5973-4480-8123-7279DC9FA982}.Release|Any CPU.Build.0 = Release|Any CPU
		{DE3DDF2A-72FF-4129-B522-26A98147B27C}.Debug|Any CPU.ActiveCfg = Debug|Any CPU
		{DE3DDF2A-72FF-4129-B522-26A98147B27C}.Debug|Any CPU.Build.0 = Debug|Any CPU
		{DE3DDF2A-72FF-4129-B522-26A98147B27C}.Release|Any CPU.ActiveCfg = Release|Any CPU
		{DE3DDF2A-72FF-4129-B522-26A98147B27C}.Release|Any CPU.Build.0 = Release|Any CPU
		{EDD8BB75-C50A-4959-A5C7-AC82164C97DC}.Debug|Any CPU.ActiveCfg = Debug|Any CPU
		{EDD8BB75-C50A-4959-A5C7-AC82164C97DC}.Debug|Any CPU.Build.0 = Debug|Any CPU
		{EDD8BB75-C50A-4959-A5C7-AC82164C97DC}.Release|Any CPU.ActiveCfg = Release|Any CPU
		{EDD8BB75-C50A-4959-A5C7-AC82164C97DC}.Release|Any CPU.Build.0 = Release|Any CPU
		{92371397-A4D2-4E2B-AC91-5C9F7ECB405B}.Debug|Any CPU.ActiveCfg = Debug|Any CPU
		{92371397-A4D2-4E2B-AC91-5C9F7ECB405B}.Debug|Any CPU.Build.0 = Debug|Any CPU
		{92371397-A4D2-4E2B-AC91-5C9F7ECB405B}.Release|Any CPU.ActiveCfg = Release|Any CPU
		{92371397-A4D2-4E2B-AC91-5C9F7ECB405B}.Release|Any CPU.Build.0 = Release|Any CPU
		{0F79A867-E4B7-4BCF-B610-5E7A441A3CE7}.Debug|Any CPU.ActiveCfg = Debug|Any CPU
		{0F79A867-E4B7-4BCF-B610-5E7A441A3CE7}.Debug|Any CPU.Build.0 = Debug|Any CPU
		{0F79A867-E4B7-4BCF-B610-5E7A441A3CE7}.Release|Any CPU.ActiveCfg = Release|Any CPU
		{0F79A867-E4B7-4BCF-B610-5E7A441A3CE7}.Release|Any CPU.Build.0 = Release|Any CPU
		{DE3AD78C-F9CD-454D-9C85-128DAC546FC5}.Debug|Any CPU.ActiveCfg = Debug|Any CPU
		{DE3AD78C-F9CD-454D-9C85-128DAC546FC5}.Debug|Any CPU.Build.0 = Debug|Any CPU
		{DE3AD78C-F9CD-454D-9C85-128DAC546FC5}.Release|Any CPU.ActiveCfg = Release|Any CPU
		{DE3AD78C-F9CD-454D-9C85-128DAC546FC5}.Release|Any CPU.Build.0 = Release|Any CPU
	EndGlobalSection
	GlobalSection(NestedProjects) = preSolution
		{5E4E9909-42BD-409B-BA4D-1BD2CD684BFA} = {0F586863-2CB6-4815-A784-05002571D8AA}
		{9473D209-34BF-4CB8-B8E6-F3F12B07060E} = {5E4E9909-42BD-409B-BA4D-1BD2CD684BFA}
		{F963EA61-B97F-4FA7-8728-BF6678A59294} = {FA95B0C8-3C3C-417A-A21E-9D9DA37C252E}
		{384CC282-BE3B-4501-A3D5-D6969B28D5A6} = {0F586863-2CB6-4815-A784-05002571D8AA}
		{96A24849-A665-4467-B8C9-A03A2C57AFC5} = {384CC282-BE3B-4501-A3D5-D6969B28D5A6}
		{11B9146C-C885-4258-A51D-DE4ABFB45655} = {0F586863-2CB6-4815-A784-05002571D8AA}
		{D3020052-712C-4EB7-87B9-A3760048AC09} = {11B9146C-C885-4258-A51D-DE4ABFB45655}
		{089BD9AF-9850-4A4D-A7D9-54D40AFDA01A} = {0F586863-2CB6-4815-A784-05002571D8AA}
		{1D2EBD84-5973-4480-8123-7279DC9FA982} = {089BD9AF-9850-4A4D-A7D9-54D40AFDA01A}
		{DE3DDF2A-72FF-4129-B522-26A98147B27C} = {089BD9AF-9850-4A4D-A7D9-54D40AFDA01A}
		{EDD8BB75-C50A-4959-A5C7-AC82164C97DC} = {089BD9AF-9850-4A4D-A7D9-54D40AFDA01A}
		{92371397-A4D2-4E2B-AC91-5C9F7ECB405B} = {089BD9AF-9850-4A4D-A7D9-54D40AFDA01A}
		{6AADB138-54CA-479F-9316-BF3DC8F0F260} = {0F586863-2CB6-4815-A784-05002571D8AA}
		{0F79A867-E4B7-4BCF-B610-5E7A441A3CE7} = {6AADB138-54CA-479F-9316-BF3DC8F0F260}
		{DE3AD78C-F9CD-454D-9C85-128DAC546FC5} = {FA95B0C8-3C3C-417A-A21E-9D9DA37C252E}
	EndGlobalSection
EndGlobal
